{
  "name": "fantasyinternet.poem",
  "version": "0.9.0",
  "lockfileVersion": 1,
  "requires": true,
  "dependencies": {
    "commander": {
      "version": "2.18.0",
      "resolved": "https://registry.npmjs.org/commander/-/commander-2.18.0.tgz",
      "integrity": "sha512-6CYPa+JP2ftfRU2qkDK+UTVeQYosOg/2GbcjIcKPHfinyOLPVGXu/ovN86RP49Re5ndJK1N0kuiidFFuepc4ZQ==",
      "dev": true
    },
    "poetry-compiler": {
      "version": "0.17.0",
      "resolved": "https://registry.npmjs.org/poetry-compiler/-/poetry-compiler-0.17.0.tgz",
      "integrity": "sha512-GWn+fzJ5XBO2e1GbujCTQuQeamibammlaDog+597uaxlB5r6/cGMavEyFmFOC1YF91PTkMUkoVyqsOMyKg6WDA==",
      "dev": true,
      "requires": {
        "commander": "2.18.0",
        "wabt": "1.0.0"
      }
    },
    "wabt": {
      "version": "1.0.0",
      "resolved": "https://registry.npmjs.org/wabt/-/wabt-1.0.0.tgz",
      "integrity": "sha512-Apt7rylKNS2VWMMYgY43aYStopVpc9wCJ16y0CznaWcJC2vs7BLVGAV6pffBqn28BfWYeYVA92zRwBstaq1zaA==",
      "dev": true
    }
  }
}
