{
  "name": "fantasyinternet.poem",
  "version": "0.15.0",
  "lockfileVersion": 1,
  "requires": true,
  "dependencies": {
    "commander": {
      "version": "2.18.0",
      "resolved": "https://registry.npmjs.org/commander/-/commander-2.18.0.tgz",
      "integrity": "sha512-6CYPa+JP2ftfRU2qkDK+UTVeQYosOg/2GbcjIcKPHfinyOLPVGXu/ovN86RP49Re5ndJK1N0kuiidFFuepc4ZQ==",
      "dev": true
    },
    "poetry-compiler": {
      "version": "0.28.0",
      "resolved": "https://registry.npmjs.org/poetry-compiler/-/poetry-compiler-0.28.0.tgz",
      "integrity": "sha512-u7G1lcqp/mh+Ghid8PzldjSvI2lfF37Arb/hZCMr8ROopW6mUVt5C7YBIP/sE2/GqH+o/bgYlqOeY9YWl4amJA==",
      "dev": true,
      "requires": {
        "commander": "2.18.0",
        "wabt": "1.0.5"
      }
    },
    "wabt": {
      "version": "1.0.5",
      "resolved": "https://registry.npmjs.org/wabt/-/wabt-1.0.5.tgz",
      "integrity": "sha512-RVZyd7G3jTKVkXLgClKKxEkUqglKQ/NNnCln7wWP851+VhetU7Z2UdKm6ztMdLXWtSiFhIvqgGWJbkvwZYHoKg==",
      "dev": true
    }
  }
}
